
Microsoft Visual Studio Solution File, Format Version 12.00
# Visual Studio Version 17
VisualStudioVersion = 17.11.35327.3
MinimumVisualStudioVersion = 10.0.40219.1
Project("{FAE04EC0-301F-11D3-BF4B-00C04F79EFBC}") = "MpEsb", "MpEsb\MpEsb.csproj", "{B48145EE-76FF-4D74-9338-C120ECDD9F9F}"
EndProject
Global
	GlobalSection(SolutionConfigurationPlatforms) = preSolution
		Debug|Any CPU = Debug|Any CPU
		Release|Any CPU = Release|Any CPU
	EndGlobalSection
	GlobalSection(ProjectConfigurationPlatforms) = postSolution
		{B48145EE-76FF-4D74-9338-C120ECDD9F9F}.Debug|Any CPU.ActiveCfg = Debug|Any CPU
		{B48145EE-76FF-4D74-9338-C120ECDD9F9F}.Debug|Any CPU.Build.0 = Debug|Any CPU
		{B48145EE-76FF-4D74-9338-C120ECDD9F9F}.Release|Any CPU.ActiveCfg = Release|Any CPU
		{B48145EE-76FF-4D74-9338-C120ECDD9F9F}.Release|Any CPU.Build.0 = Release|Any CPU
	EndGlobalSection
	GlobalSection(SolutionProperties) = preSolution
		HideSolutionNode = FALSE
	EndGlobalSection
	GlobalSection(ExtensibilityGlobals) = postSolution
		SolutionGuid = {19C9466F-0EC8-4E4D-B8B2-15CCC4803D4D}
	EndGlobalSection
EndGlobal
